
Microsoft Visual Studio Solution File, Format Version 12.00
# Visual Studio 14
VisualStudioVersion = 14.0.25420.1
MinimumVisualStudioVersion = 10.0.40219.1
Project("{FAE04EC0-301F-11D3-BF4B-00C04F79EFBC}") = "IoTConsole-oldgit", "IoTConsole\IoTConsole-oldgit.csproj", "{1B99277F-95C4-4FC3-AE94-3494D5F6554A}"
EndProject
Project("{FAE04EC0-301F-11D3-BF4B-00C04F79EFBC}") = "IoTDevices-oldgit", "..\IoTDevices\IoTDevices\IoTDevices-oldgit.csproj", "{D60D9E8D-D4B0-4DC4-97DB-CC6247BF4056}"
EndProject
Project("{00D1A9C2-B5F0-4AF3-8072-F6C62B433612}") = "Database1", "Database1\Database1.sqlproj", "{2A9C386A-156B-4DA8-8A4A-38DF97E03A4B}"
EndProject
Project("{FAE04EC0-301F-11D3-BF4B-00C04F79EFBC}") = "jsonConsole", "..\jsonConsole\jsonConsole.csproj", "{398C0567-9236-45FA-AAC2-A01A60466AFA}"
	ProjectSection(ProjectDependencies) = postProject
		{01B5A06A-26E6-48AF-BB39-CE6E1A20DAE6} = {01B5A06A-26E6-48AF-BB39-CE6E1A20DAE6}
	EndProjectSection
EndProject
Project("{FAE04EC0-301F-11D3-BF4B-00C04F79EFBC}") = "jsonDevice", "..\jsonDevice\jsonDevice.csproj", "{01B5A06A-26E6-48AF-BB39-CE6E1A20DAE6}"
EndProject
Project("{FAE04EC0-301F-11D3-BF4B-00C04F79EFBC}") = "csvConsoleforJava", "..\csvConsoleforJava\csvConsoleforJava.csproj", "{73705948-C45E-4E36-8046-31726F52DDBD}"
EndProject
Global
	GlobalSection(SolutionConfigurationPlatforms) = preSolution
		Debug|Any CPU = Debug|Any CPU
		Release|Any CPU = Release|Any CPU
	EndGlobalSection
	GlobalSection(ProjectConfigurationPlatforms) = postSolution
		{1B99277F-95C4-4FC3-AE94-3494D5F6554A}.Debug|Any CPU.ActiveCfg = Debug|Any CPU
		{1B99277F-95C4-4FC3-AE94-3494D5F6554A}.Debug|Any CPU.Build.0 = Debug|Any CPU
		{1B99277F-95C4-4FC3-AE94-3494D5F6554A}.Release|Any CPU.ActiveCfg = Release|Any CPU
		{1B99277F-95C4-4FC3-AE94-3494D5F6554A}.Release|Any CPU.Build.0 = Release|Any CPU
		{D60D9E8D-D4B0-4DC4-97DB-CC6247BF4056}.Debug|Any CPU.ActiveCfg = Debug|Any CPU
		{D60D9E8D-D4B0-4DC4-97DB-CC6247BF4056}.Debug|Any CPU.Build.0 = Debug|Any CPU
		{D60D9E8D-D4B0-4DC4-97DB-CC6247BF4056}.Release|Any CPU.ActiveCfg = Release|Any CPU
		{D60D9E8D-D4B0-4DC4-97DB-CC6247BF4056}.Release|Any CPU.Build.0 = Release|Any CPU
		{2A9C386A-156B-4DA8-8A4A-38DF97E03A4B}.Debug|Any CPU.ActiveCfg = Debug|Any CPU
		{2A9C386A-156B-4DA8-8A4A-38DF97E03A4B}.Debug|Any CPU.Build.0 = Debug|Any CPU
		{2A9C386A-156B-4DA8-8A4A-38DF97E03A4B}.Debug|Any CPU.Deploy.0 = Debug|Any CPU
		{2A9C386A-156B-4DA8-8A4A-38DF97E03A4B}.Release|Any CPU.ActiveCfg = Release|Any CPU
		{2A9C386A-156B-4DA8-8A4A-38DF97E03A4B}.Release|Any CPU.Build.0 = Release|Any CPU
		{2A9C386A-156B-4DA8-8A4A-38DF97E03A4B}.Release|Any CPU.Deploy.0 = Release|Any CPU
		{398C0567-9236-45FA-AAC2-A01A60466AFA}.Debug|Any CPU.ActiveCfg = Debug|Any CPU
		{398C0567-9236-45FA-AAC2-A01A60466AFA}.Debug|Any CPU.Build.0 = Debug|Any CPU
		{398C0567-9236-45FA-AAC2-A01A60466AFA}.Release|Any CPU.ActiveCfg = Release|Any CPU
		{398C0567-9236-45FA-AAC2-A01A60466AFA}.Release|Any CPU.Build.0 = Release|Any CPU
		{01B5A06A-26E6-48AF-BB39-CE6E1A20DAE6}.Debug|Any CPU.ActiveCfg = Debug|Any CPU
		{01B5A06A-26E6-48AF-BB39-CE6E1A20DAE6}.Debug|Any CPU.Build.0 = Debug|Any CPU
		{01B5A06A-26E6-48AF-BB39-CE6E1A20DAE6}.Release|Any CPU.ActiveCfg = Release|Any CPU
		{01B5A06A-26E6-48AF-BB39-CE6E1A20DAE6}.Release|Any CPU.Build.0 = Release|Any CPU
		{73705948-C45E-4E36-8046-31726F52DDBD}.Debug|Any CPU.ActiveCfg = Debug|Any CPU
		{73705948-C45E-4E36-8046-31726F52DDBD}.Debug|Any CPU.Build.0 = Debug|Any CPU
		{73705948-C45E-4E36-8046-31726F52DDBD}.Release|Any CPU.ActiveCfg = Release|Any CPU
		{73705948-C45E-4E36-8046-31726F52DDBD}.Release|Any CPU.Build.0 = Release|Any CPU
	EndGlobalSection
	GlobalSection(SolutionProperties) = preSolution
		HideSolutionNode = FALSE
	EndGlobalSection
EndGlobal
